// !$*UTF8*$!
{
	archiveVersion = 1;
	classes = {
	};
	objectVersion = 50;
	objects = {

/* Begin PBXBuildFile section */
		1B5614DB24B681E900C2A360 /* AppDelegate.swift in Sources */ = {isa = PBXBuildFile; fileRef = 1B5614DA24B681E900C2A360 /* AppDelegate.swift */; };
		1B5614DD24B681E900C2A360 /* SceneDelegate.swift in Sources */ = {isa = PBXBuildFile; fileRef = 1B5614DC24B681E900C2A360 /* SceneDelegate.swift */; };
		1B5614DF24B681E900C2A360 /* ViewController.swift in Sources */ = {isa = PBXBuildFile; fileRef = 1B5614DE24B681E900C2A360 /* ViewController.swift */; };
		1B5614E224B681E900C2A360 /* Main.storyboard in Resources */ = {isa = PBXBuildFile; fileRef = 1B5614E024B681E900C2A360 /* Main.storyboard */; };
		1B5614E424B681EC00C2A360 /* Assets.xcassets in Resources */ = {isa = PBXBuildFile; fileRef = 1B5614E324B681EC00C2A360 /* Assets.xcassets */; };
		1B5614E724B681EC00C2A360 /* LaunchScreen.storyboard in Resources */ = {isa = PBXBuildFile; fileRef = 1B5614E524B681EC00C2A360 /* LaunchScreen.storyboard */; };
		1B5614EF24B69AA100C2A360 /* SettingsViewController.swift in Sources */ = {isa = PBXBuildFile; fileRef = 1B5614EE24B69AA100C2A360 /* SettingsViewController.swift */; };
		1B5614F124B86C6900C2A360 /* GameOptionViewController.swift in Sources */ = {isa = PBXBuildFile; fileRef = 1B5614F024B86C6900C2A360 /* GameOptionViewController.swift */; };
		1B5614F324B902D200C2A360 /* GameLevelViewController.swift in Sources */ = {isa = PBXBuildFile; fileRef = 1B5614F224B902D200C2A360 /* GameLevelViewController.swift */; };
		1B5614F524B9C3BF00C2A360 /* BoardView.swift in Sources */ = {isa = PBXBuildFile; fileRef = 1B5614F424B9C3BF00C2A360 /* BoardView.swift */; };
		1B5614F724B9C46A00C2A360 /* FifteenBoard.swift in Sources */ = {isa = PBXBuildFile; fileRef = 1B5614F624B9C46A00C2A360 /* FifteenBoard.swift */; };
		1B71B79F24C72E4300DCE78D /* Background.mp3 in Resources */ = {isa = PBXBuildFile; fileRef = 1B71B79D24C72E4200DCE78D /* Background.mp3 */; };
		1B71B7A024C72E4300DCE78D /* button1.mp3 in Resources */ = {isa = PBXBuildFile; fileRef = 1B71B79E24C72E4300DCE78D /* button1.mp3 */; };
/* End PBXBuildFile section */

/* Begin PBXFileReference section */
		1B5614D724B681E900C2A360 /* FootbalQuiz.app */ = {isa = PBXFileReference; explicitFileType = wrapper.application; includeInIndex = 0; path = FootbalQuiz.app; sourceTree = BUILT_PRODUCTS_DIR; };
		1B5614DA24B681E900C2A360 /* AppDelegate.swift */ = {isa = PBXFileReference; lastKnownFileType = sourcecode.swift; path = AppDelegate.swift; sourceTree = "<group>"; };
		1B5614DC24B681E900C2A360 /* SceneDelegate.swift */ = {isa = PBXFileReference; lastKnownFileType = sourcecode.swift; path = SceneDelegate.swift; sourceTree = "<group>"; };
		1B5614DE24B681E900C2A360 /* ViewController.swift */ = {isa = PBXFileReference; lastKnownFileType = sourcecode.swift; path = ViewController.swift; sourceTree = "<group>"; };
		1B5614E124B681E900C2A360 /* Base */ = {isa = PBXFileReference; lastKnownFileType = file.storyboard; name = Base; path = Base.lproj/Main.storyboard; sourceTree = "<group>"; };
		1B5614E324B681EC00C2A360 /* Assets.xcassets */ = {isa = PBXFileReference; lastKnownFileType = folder.assetcatalog; path = Assets.xcassets; sourceTree = "<group>"; };
		1B5614E624B681EC00C2A360 /* Base */ = {isa = PBXFileReference; lastKnownFileType = file.storyboard; name = Base; path = Base.lproj/LaunchScreen.storyboard; sourceTree = "<group>"; };
		1B5614E824B681EC00C2A360 /* Info.plist */ = {isa = PBXFileReference; lastKnownFileType = text.plist.xml; path = Info.plist; sourceTree = "<group>"; };
		1B5614EE24B69AA100C2A360 /* SettingsViewController.swift */ = {isa = PBXFileReference; lastKnownFileType = sourcecode.swift; path = SettingsViewController.swift; sourceTree = "<group>"; };
		1B5614F024B86C6900C2A360 /* GameOptionViewController.swift */ = {isa = PBXFileReference; lastKnownFileType = sourcecode.swift; path = GameOptionViewController.swift; sourceTree = "<group>"; };
		1B5614F224B902D200C2A360 /* GameLevelViewController.swift */ = {isa = PBXFileReference; lastKnownFileType = sourcecode.swift; path = GameLevelViewController.swift; sourceTree = "<group>"; };
		1B5614F424B9C3BF00C2A360 /* BoardView.swift */ = {isa = PBXFileReference; lastKnownFileType = sourcecode.swift; path = BoardView.swift; sourceTree = "<group>"; };
		1B5614F624B9C46A00C2A360 /* FifteenBoard.swift */ = {isa = PBXFileReference; fileEncoding = 4; lastKnownFileType = sourcecode.swift; path = FifteenBoard.swift; sourceTree = "<group>"; };
		1B71B79D24C72E4200DCE78D /* Background.mp3 */ = {isa = PBXFileReference; lastKnownFileType = audio.mp3; path = Background.mp3; sourceTree = "<group>"; };
		1B71B79E24C72E4300DCE78D /* button1.mp3 */ = {isa = PBXFileReference; lastKnownFileType = audio.mp3; path = button1.mp3; sourceTree = "<group>"; };
/* End PBXFileReference section */

/* Begin PBXFrameworksBuildPhase section */
		1B5614D424B681E900C2A360 /* Frameworks */ = {
			isa = PBXFrameworksBuildPhase;
			buildActionMask = 2147483647;
			files = (
			);
			runOnlyForDeploymentPostprocessing = 0;
		};
/* End PBXFrameworksBuildPhase section */

/* Begin PBXGroup section */
		1B5614CE24B681E900C2A360 = {
			isa = PBXGroup;
			children = (
				1B71B79C24C72BEB00DCE78D /* Audio */,
				1B5614D924B681E900C2A360 /* FootbalQuiz */,
				1B5614D824B681E900C2A360 /* Products */,
			);
			sourceTree = "<group>";
		};
		1B5614D824B681E900C2A360 /* Products */ = {
			isa = PBXGroup;
			children = (
				1B5614D724B681E900C2A360 /* FootbalQuiz.app */,
			);
			name = Products;
			sourceTree = "<group>";
		};
		1B5614D924B681E900C2A360 /* FootbalQuiz */ = {
			isa = PBXGroup;
			children = (
				1B5614F624B9C46A00C2A360 /* FifteenBoard.swift */,
				1B5614DA24B681E900C2A360 /* AppDelegate.swift */,
				1B5614DC24B681E900C2A360 /* SceneDelegate.swift */,
				1B5614DE24B681E900C2A360 /* ViewController.swift */,
				1B5614E024B681E900C2A360 /* Main.storyboard */,
				1B5614E324B681EC00C2A360 /* Assets.xcassets */,
				1B5614E524B681EC00C2A360 /* LaunchScreen.storyboard */,
				1B5614E824B681EC00C2A360 /* Info.plist */,
				1B5614EE24B69AA100C2A360 /* SettingsViewController.swift */,
				1B5614F024B86C6900C2A360 /* GameOptionViewController.swift */,
				1B5614F224B902D200C2A360 /* GameLevelViewController.swift */,
				1B5614F424B9C3BF00C2A360 /* BoardView.swift */,
			);
			path = FootbalQuiz;
			sourceTree = "<group>";
		};
		1B71B79C24C72BEB00DCE78D /* Audio */ = {
			isa = PBXGroup;
			children = (
				1B71B79D24C72E4200DCE78D /* Background.mp3 */,
				1B71B79E24C72E4300DCE78D /* button1.mp3 */,
			);
			path = Audio;
			sourceTree = "<group>";
		};
/* End PBXGroup section */

/* Begin PBXNativeTarget section */
		1B5614D624B681E900C2A360 /* FootbalQuiz */ = {
			isa = PBXNativeTarget;
			buildConfigurationList = 1B5614EB24B681EC00C2A360 /* Build configuration list for PBXNativeTarget "FootbalQuiz" */;
			buildPhases = (
				1B5614D324B681E900C2A360 /* Sources */,
				1B5614D424B681E900C2A360 /* Frameworks */,
				1B5614D524B681E900C2A360 /* Resources */,
			);
			buildRules = (
			);
			dependencies = (
			);
			name = FootbalQuiz;
			productName = FootbalQuiz;
			productReference = 1B5614D724B681E900C2A360 /* FootbalQuiz.app */;
			productType = "com.apple.product-type.application";
		};
/* End PBXNativeTarget section */

/* Begin PBXProject section */
		1B5614CF24B681E900C2A360 /* Project object */ = {
			isa = PBXProject;
			attributes = {
				LastSwiftUpdateCheck = 1130;
				LastUpgradeCheck = 1130;
				ORGANIZATIONNAME = raiyansharif;
				TargetAttributes = {
					1B5614D624B681E900C2A360 = {
						CreatedOnToolsVersion = 11.3.1;
					};
				};
			};
			buildConfigurationList = 1B5614D224B681E900C2A360 /* Build configuration list for PBXProject "FootbalQuiz" */;
			compatibilityVersion = "Xcode 9.3";
			developmentRegion = en;
			hasScannedForEncodings = 0;
			knownRegions = (
				en,
				Base,
			);
			mainGroup = 1B5614CE24B681E900C2A360;
			productRefGroup = 1B5614D824B681E900C2A360 /* Products */;
			projectDirPath = "";
			projectRoot = "";
			targets = (
				1B5614D624B681E900C2A360 /* FootbalQuiz */,
			);
		};
/* End PBXProject section */

/* Begin PBXResourcesBuildPhase section */
		1B5614D524B681E900C2A360 /* Resources */ = {
			isa = PBXResourcesBuildPhase;
			buildActionMask = 2147483647;
			files = (
				1B71B79F24C72E4300DCE78D /* Background.mp3 in Resources */,
				1B5614E724B681EC00C2A360 /* LaunchScreen.storyboard in Resources */,
				1B5614E424B681EC00C2A360 /* Assets.xcassets in Resources */,
				1B71B7A024C72E4300DCE78D /* button1.mp3 in Resources */,
				1B5614E224B681E900C2A360 /* Main.storyboard in Resources */,
			);
			runOnlyForDeploymentPostprocessing = 0;
		};
/* End PBXResourcesBuildPhase section */

/* Begin PBXSourcesBuildPhase section */
		1B5614D324B681E900C2A360 /* Sources */ = {
			isa = PBXSourcesBuildPhase;
			buildActionMask = 2147483647;
			files = (
				1B5614F524B9C3BF00C2A360 /* BoardView.swift in Sources */,
				1B5614DF24B681E900C2A360 /* ViewController.swift in Sources */,
				1B5614F324B902D200C2A360 /* GameLevelViewController.swift in Sources */,
				1B5614DB24B681E900C2A360 /* AppDelegate.swift in Sources */,
				1B5614F124B86C6900C2A360 /* GameOptionViewController.swift in Sources */,
				1B5614DD24B681E900C2A360 /* SceneDelegate.swift in Sources */,
				1B5614F724B9C46A00C2A360 /* FifteenBoard.swift in Sources */,
				1B5614EF24B69AA100C2A360 /* SettingsViewController.swift in Sources */,
			);
			runOnlyForDeploymentPostprocessing = 0;
		};
/* End PBXSourcesBuildPhase section */

/* Begin PBXVariantGroup section */
		1B5614E024B681E900C2A360 /* Main.storyboard */ = {
			isa = PBXVariantGroup;
			children = (
				1B5614E124B681E900C2A360 /* Base */,
			);
			name = Main.storyboard;
			sourceTree = "<group>";
		};
		1B5614E524B681EC00C2A360 /* LaunchScreen.storyboard */ = {
			isa = PBXVariantGroup;
			children = (
				1B5614E624B681EC00C2A360 /* Base */,
			);
			name = LaunchScreen.storyboard;
			sourceTree = "<group>";
		};
/* End PBXVariantGroup section */

/* Begin XCBuildConfiguration section */
		1B5614E924B681EC00C2A360 /* Debug */ = {
			isa = XCBuildConfiguration;
			buildSettings = {
				ALWAYS_SEARCH_USER_PATHS = NO;
				CLANG_ANALYZER_NONNULL = YES;
				CLANG_ANALYZER_NUMBER_OBJECT_CONVERSION = YES_AGGRESSIVE;
				CLANG_CXX_LANGUAGE_STANDARD = "gnu++14";
				CLANG_CXX_LIBRARY = "libc++";
				CLANG_ENABLE_MODULES = YES;
				CLANG_ENABLE_OBJC_ARC = YES;
				CLANG_ENABLE_OBJC_WEAK = YES;
				CLANG_WARN_BLOCK_CAPTURE_AUTORELEASING = YES;
				CLANG_WARN_BOOL_CONVERSION = YES;
				CLANG_WARN_COMMA = YES;
				CLANG_WARN_CONSTANT_CONVERSION = YES;
				CLANG_WARN_DEPRECATED_OBJC_IMPLEMENTATIONS = YES;
				CLANG_WARN_DIRECT_OBJC_ISA_USAGE = YES_ERROR;
				CLANG_WARN_DOCUMENTATION_COMMENTS = YES;
				CLANG_WARN_EMPTY_BODY = YES;
				CLANG_WARN_ENUM_CONVERSION = YES;
				CLANG_WARN_INFINITE_RECURSION = YES;
				CLANG_WARN_INT_CONVERSION = YES;
				CLANG_WARN_NON_LITERAL_NULL_CONVERSION = YES;
				CLANG_WARN_OBJC_IMPLICIT_RETAIN_SELF = YES;
				CLANG_WARN_OBJC_LITERAL_CONVERSION = YES;
				CLANG_WARN_OBJC_ROOT_CLASS = YES_ERROR;
				CLANG_WARN_RANGE_LOOP_ANALYSIS = YES;
				CLANG_WARN_STRICT_PROTOTYPES = YES;
				CLANG_WARN_SUSPICIOUS_MOVE = YES;
				CLANG_WARN_UNGUARDED_AVAILABILITY = YES_AGGRESSIVE;
				CLANG_WARN_UNREACHABLE_CODE = YES;
				CLANG_WARN__DUPLICATE_METHOD_MATCH = YES;
				COPY_PHASE_STRIP = NO;
				DEBUG_INFORMATION_FORMAT = dwarf;
				ENABLE_STRICT_OBJC_MSGSEND = YES;
				ENABLE_TESTABILITY = YES;
				GCC_C_LANGUAGE_STANDARD = gnu11;
				GCC_DYNAMIC_NO_PIC = NO;
				GCC_NO_COMMON_BLOCKS = YES;
				GCC_OPTIMIZATION_LEVEL = 0;
				GCC_PREPROCESSOR_DEFINITIONS = (
					"DEBUG=1",
					"$(inherited)",
				);
				GCC_WARN_64_TO_32_BIT_CONVERSION = YES;
				GCC_WARN_ABOUT_RETURN_TYPE = YES_ERROR;
				GCC_WARN_UNDECLARED_SELECTOR = YES;
				GCC_WARN_UNINITIALIZED_AUTOS = YES_AGGRESSIVE;
				GCC_WARN_UNUSED_FUNCTION = YES;
				GCC_WARN_UNUSED_VARIABLE = YES;
				IPHONEOS_DEPLOYMENT_TARGET = 13.2;
				MTL_ENABLE_DEBUG_INFO = INCLUDE_SOURCE;
				MTL_FAST_MATH = YES;
				ONLY_ACTIVE_ARCH = YES;
				SDKROOT = iphoneos;
				SWIFT_ACTIVE_COMPILATION_CONDITIONS = DEBUG;
				SWIFT_OPTIMIZATION_LEVEL = "-Onone";
			};
			name = Debug;
		};
		1B5614EA24B681EC00C2A360 /* Release */ = {
			isa = XCBuildConfiguration;
			buildSettings = {
				ALWAYS_SEARCH_USER_PATHS = NO;
				CLANG_ANALYZER_NONNULL = YES;
				CLANG_ANALYZER_NUMBER_OBJECT_CONVERSION = YES_AGGRESSIVE;
				CLANG_CXX_LANGUAGE_STANDARD = "gnu++14";
				CLANG_CXX_LIBRARY = "libc++";
				CLANG_ENABLE_MODULES = YES;
				CLANG_ENABLE_OBJC_ARC = YES;
				CLANG_ENABLE_OBJC_WEAK = YES;
				CLANG_WARN_BLOCK_CAPTURE_AUTORELEASING = YES;
				CLANG_WARN_BOOL_CONVERSION = YES;
				CLANG_WARN_COMMA = YES;
				CLANG_WARN_CONSTANT_CONVERSION = YES;
				CLANG_WARN_DEPRECATED_OBJC_IMPLEMENTATIONS = YES;
				CLANG_WARN_DIRECT_OBJC_ISA_USAGE = YES_ERROR;
				CLANG_WARN_DOCUMENTATION_COMMENTS = YES;
				CLANG_WARN_EMPTY_BODY = YES;
				CLANG_WARN_ENUM_CONVERSION = YES;
				CLANG_WARN_INFINITE_RECURSION = YES;
				CLANG_WARN_INT_CONVERSION = YES;
				CLANG_WARN_NON_LITERAL_NULL_CONVERSION = YES;
				CLANG_WARN_OBJC_IMPLICIT_RETAIN_SELF = YES;
				CLANG_WARN_OBJC_LITERAL_CONVERSION = YES;
				CLANG_WARN_OBJC_ROOT_CLASS = YES_ERROR;
				CLANG_WARN_RANGE_LOOP_ANALYSIS = YES;
				CLANG_WARN_STRICT_PROTOTYPES = YES;
				CLANG_WARN_SUSPICIOUS_MOVE = YES;
				CLANG_WARN_UNGUARDED_AVAILABILITY = YES_AGGRESSIVE;
				CLANG_WARN_UNREACHABLE_CODE = YES;
				CLANG_WARN__DUPLICATE_METHOD_MATCH = YES;
				COPY_PHASE_STRIP = NO;
				DEBUG_INFORMATION_FORMAT = "dwarf-with-dsym";
				ENABLE_NS_ASSERTIONS = NO;
				ENABLE_STRICT_OBJC_MSGSEND = YES;
				GCC_C_LANGUAGE_STANDARD = gnu11;
				GCC_NO_COMMON_BLOCKS = YES;
				GCC_WARN_64_TO_32_BIT_CONVERSION = YES;
				GCC_WARN_ABOUT_RETURN_TYPE = YES_ERROR;
				GCC_WARN_UNDECLARED_SELECTOR = YES;
				GCC_WARN_UNINITIALIZED_AUTOS = YES_AGGRESSIVE;
				GCC_WARN_UNUSED_FUNCTION = YES;
				GCC_WARN_UNUSED_VARIABLE = YES;
				IPHONEOS_DEPLOYMENT_TARGET = 13.2;
				MTL_ENABLE_DEBUG_INFO = NO;
				MTL_FAST_MATH = YES;
				SDKROOT = iphoneos;
				SWIFT_COMPILATION_MODE = wholemodule;
				SWIFT_OPTIMIZATION_LEVEL = "-O";
				VALIDATE_PRODUCT = YES;
			};
			name = Release;
		};
		1B5614EC24B681EC00C2A360 /* Debug */ = {
			isa = XCBuildConfiguration;
			buildSettings = {
				ASSETCATALOG_COMPILER_APPICON_NAME = AppIcon;
				CODE_SIGN_STYLE = Automatic;
				DEVELOPMENT_TEAM = 66MXJKH4WQ;
				INFOPLIST_FILE = FootbalQuiz/Info.plist;
				LD_RUNPATH_SEARCH_PATHS = (
					"$(inherited)",
					"@executable_path/Frameworks",
				);
				PRODUCT_BUNDLE_IDENTIFIER = com.project.FootbalQuiz1;
				PRODUCT_NAME = "$(TARGET_NAME)";
				SWIFT_VERSION = 5.0;
				TARGETED_DEVICE_FAMILY = "1,2";
			};
			name = Debug;
		};
		1B5614ED24B681EC00C2A360 /* Release */ = {
			isa = XCBuildConfiguration;
			buildSettings = {
				ASSETCATALOG_COMPILER_APPICON_NAME = AppIcon;
				CODE_SIGN_STYLE = Automatic;
				DEVELOPMENT_TEAM = 66MXJKH4WQ;
				INFOPLIST_FILE = FootbalQuiz/Info.plist;
				LD_RUNPATH_SEARCH_PATHS = (
					"$(inherited)",
					"@executable_path/Frameworks",
				);
				PRODUCT_BUNDLE_IDENTIFIER = com.project.FootbalQuiz1;
				PRODUCT_NAME = "$(TARGET_NAME)";
				SWIFT_VERSION = 5.0;
				TARGETED_DEVICE_FAMILY = "1,2";
			};
			name = Release;
		};
/* End XCBuildConfiguration section */

/* Begin XCConfigurationList section */
		1B5614D224B681E900C2A360 /* Build configuration list for PBXProject "FootbalQuiz" */ = {
			isa = XCConfigurationList;
			buildConfigurations = (
				1B5614E924B681EC00C2A360 /* Debug */,
				1B5614EA24B681EC00C2A360 /* Release */,
			);
			defaultConfigurationIsVisible = 0;
			defaultConfigurationName = Release;
		};
		1B5614EB24B681EC00C2A360 /* Build configuration list for PBXNativeTarget "FootbalQuiz" */ = {
			isa = XCConfigurationList;
			buildConfigurations = (
				1B5614EC24B681EC00C2A360 /* Debug */,
				1B5614ED24B681EC00C2A360 /* Release */,
			);
			defaultConfigurationIsVisible = 0;
			defaultConfigurationName = Release;
		};
/* End XCConfigurationList section */
	};
	rootObject = 1B5614CF24B681E900C2A360 /* Project object */;
}
